// !$*UTF8*$!
{
	archiveVersion = 1;
	classes = {
	};
	objectVersion = 50;
	objects = {

/* Begin PBXBuildFile section */
		2B993A55214EA4A100C587C0 /* AppDelegate.swift in Sources */ = {isa = PBXBuildFile; fileRef = 2B993A54214EA4A100C587C0 /* AppDelegate.swift */; };
		2B993A57214EA4A100C587C0 /* ViewController.swift in Sources */ = {isa = PBXBuildFile; fileRef = 2B993A56214EA4A100C587C0 /* ViewController.swift */; };
		2B993A5A214EA4A100C587C0 /* Main.storyboard in Resources */ = {isa = PBXBuildFile; fileRef = 2B993A58214EA4A100C587C0 /* Main.storyboard */; };
		2B993A5C214EA4A500C587C0 /* Assets.xcassets in Resources */ = {isa = PBXBuildFile; fileRef = 2B993A5B214EA4A500C587C0 /* Assets.xcassets */; };
		2B993A5F214EA4A500C587C0 /* LaunchScreen.storyboard in Resources */ = {isa = PBXBuildFile; fileRef = 2B993A5D214EA4A500C587C0 /* LaunchScreen.storyboard */; };
		2B993A72214EE4FA00C587C0 /* GitHubSearchRepositories.storyboard in Resources */ = {isa = PBXBuildFile; fileRef = 2B993A6D214EE4F900C587C0 /* GitHubSearchRepositories.storyboard */; };
		2B993A73214EE4FA00C587C0 /* GitHubSearchRepositories.swift in Sources */ = {isa = PBXBuildFile; fileRef = 2B993A6E214EE4F900C587C0 /* GitHubSearchRepositories.swift */; };
		2B993A74214EE4FA00C587C0 /* GitHubSearchRepositoriesAPI.swift in Sources */ = {isa = PBXBuildFile; fileRef = 2B993A6F214EE4FA00C587C0 /* GitHubSearchRepositoriesAPI.swift */; };
		2B993A75214EE4FA00C587C0 /* GitHubSearchRepositoriesViewController.swift in Sources */ = {isa = PBXBuildFile; fileRef = 2B993A70214EE4FA00C587C0 /* GitHubSearchRepositoriesViewController.swift */; };
		2B993A76214EE4FA00C587C0 /* UINavigationController+Extensions.swift in Sources */ = {isa = PBXBuildFile; fileRef = 2B993A71214EE4FA00C587C0 /* UINavigationController+Extensions.swift */; };
		2B993A87214EECAE00C587C0 /* Version.swift in Sources */ = {isa = PBXBuildFile; fileRef = 2B993A84214EECAE00C587C0 /* Version.swift */; };
		2B993A88214EECAE00C587C0 /* Lenses.swift in Sources */ = {isa = PBXBuildFile; fileRef = 2B993A85214EECAE00C587C0 /* Lenses.swift */; };
		2B993A89214EECAE00C587C0 /* Result.swift in Sources */ = {isa = PBXBuildFile; fileRef = 2B993A86214EECAE00C587C0 /* Result.swift */; };
		2B993A8B214EECE000C587C0 /* String+URL.swift in Sources */ = {isa = PBXBuildFile; fileRef = 2B993A8A214EECE000C587C0 /* String+URL.swift */; };
		2B993A8D214EECFF00C587C0 /* Example.swift in Sources */ = {isa = PBXBuildFile; fileRef = 2B993A8C214EECFF00C587C0 /* Example.swift */; };
		2B993A8F214EEE7E00C587C0 /* Reachability.swift in Sources */ = {isa = PBXBuildFile; fileRef = 2B993A8E214EEE7D00C587C0 /* Reachability.swift */; };
		2B993A91214EEE8300C587C0 /* ReachabilityService.swift in Sources */ = {isa = PBXBuildFile; fileRef = 2B993A90214EEE8300C587C0 /* ReachabilityService.swift */; };
		2B993A93214EEEA400C587C0 /* Dependencies.swift in Sources */ = {isa = PBXBuildFile; fileRef = 2B993A92214EEEA400C587C0 /* Dependencies.swift */; };
		2B9B59E3215542EE00E8F35F /* ActivityIndicator.swift in Sources */ = {isa = PBXBuildFile; fileRef = 2B9B59E2215542EE00E8F35F /* ActivityIndicator.swift */; };
		EC51860A3A0AE18B6BEB8C3C /* Pods_RxPagingExample.framework in Frameworks */ = {isa = PBXBuildFile; fileRef = 4524C3DA72599B3CE1C4BE2A /* Pods_RxPagingExample.framework */; };
/* End PBXBuildFile section */

/* Begin PBXFileReference section */
		2B993A51214EA4A100C587C0 /* RxPagingExample.app */ = {isa = PBXFileReference; explicitFileType = wrapper.application; includeInIndex = 0; path = RxPagingExample.app; sourceTree = BUILT_PRODUCTS_DIR; };
		2B993A54214EA4A100C587C0 /* AppDelegate.swift */ = {isa = PBXFileReference; lastKnownFileType = sourcecode.swift; path = AppDelegate.swift; sourceTree = "<group>"; };
		2B993A56214EA4A100C587C0 /* ViewController.swift */ = {isa = PBXFileReference; lastKnownFileType = sourcecode.swift; path = ViewController.swift; sourceTree = "<group>"; };
		2B993A59214EA4A100C587C0 /* Base */ = {isa = PBXFileReference; lastKnownFileType = file.storyboard; name = Base; path = Base.lproj/Main.storyboard; sourceTree = "<group>"; };
		2B993A5B214EA4A500C587C0 /* Assets.xcassets */ = {isa = PBXFileReference; lastKnownFileType = folder.assetcatalog; path = Assets.xcassets; sourceTree = "<group>"; };
		2B993A5E214EA4A500C587C0 /* Base */ = {isa = PBXFileReference; lastKnownFileType = file.storyboard; name = Base; path = Base.lproj/LaunchScreen.storyboard; sourceTree = "<group>"; };
		2B993A60214EA4A500C587C0 /* Info.plist */ = {isa = PBXFileReference; lastKnownFileType = text.plist.xml; path = Info.plist; sourceTree = "<group>"; };
		2B993A6D214EE4F900C587C0 /* GitHubSearchRepositories.storyboard */ = {isa = PBXFileReference; fileEncoding = 4; lastKnownFileType = file.storyboard; path = GitHubSearchRepositories.storyboard; sourceTree = "<group>"; };
		2B993A6E214EE4F900C587C0 /* GitHubSearchRepositories.swift */ = {isa = PBXFileReference; fileEncoding = 4; lastKnownFileType = sourcecode.swift; path = GitHubSearchRepositories.swift; sourceTree = "<group>"; };
		2B993A6F214EE4FA00C587C0 /* GitHubSearchRepositoriesAPI.swift */ = {isa = PBXFileReference; fileEncoding = 4; lastKnownFileType = sourcecode.swift; path = GitHubSearchRepositoriesAPI.swift; sourceTree = "<group>"; };
		2B993A70214EE4FA00C587C0 /* GitHubSearchRepositoriesViewController.swift */ = {isa = PBXFileReference; fileEncoding = 4; lastKnownFileType = sourcecode.swift; path = GitHubSearchRepositoriesViewController.swift; sourceTree = "<group>"; };
		2B993A71214EE4FA00C587C0 /* UINavigationController+Extensions.swift */ = {isa = PBXFileReference; fileEncoding = 4; lastKnownFileType = sourcecode.swift; path = "UINavigationController+Extensions.swift"; sourceTree = "<group>"; };
		2B993A84214EECAE00C587C0 /* Version.swift */ = {isa = PBXFileReference; lastKnownFileType = sourcecode.swift; path = Version.swift; sourceTree = "<group>"; };
		2B993A85214EECAE00C587C0 /* Lenses.swift */ = {isa = PBXFileReference; lastKnownFileType = sourcecode.swift; path = Lenses.swift; sourceTree = "<group>"; };
		2B993A86214EECAE00C587C0 /* Result.swift */ = {isa = PBXFileReference; lastKnownFileType = sourcecode.swift; path = Result.swift; sourceTree = "<group>"; };
		2B993A8A214EECE000C587C0 /* String+URL.swift */ = {isa = PBXFileReference; lastKnownFileType = sourcecode.swift; path = "String+URL.swift"; sourceTree = "<group>"; };
		2B993A8C214EECFF00C587C0 /* Example.swift */ = {isa = PBXFileReference; lastKnownFileType = sourcecode.swift; path = Example.swift; sourceTree = "<group>"; };
		2B993A8E214EEE7D00C587C0 /* Reachability.swift */ = {isa = PBXFileReference; lastKnownFileType = sourcecode.swift; path = Reachability.swift; sourceTree = "<group>"; };
		2B993A90214EEE8300C587C0 /* ReachabilityService.swift */ = {isa = PBXFileReference; lastKnownFileType = sourcecode.swift; path = ReachabilityService.swift; sourceTree = "<group>"; };
		2B993A92214EEEA400C587C0 /* Dependencies.swift */ = {isa = PBXFileReference; fileEncoding = 4; lastKnownFileType = sourcecode.swift; path = Dependencies.swift; sourceTree = "<group>"; };
		2B9B59E2215542EE00E8F35F /* ActivityIndicator.swift */ = {isa = PBXFileReference; lastKnownFileType = sourcecode.swift; path = ActivityIndicator.swift; sourceTree = "<group>"; };
		4524C3DA72599B3CE1C4BE2A /* Pods_RxPagingExample.framework */ = {isa = PBXFileReference; explicitFileType = wrapper.framework; includeInIndex = 0; path = Pods_RxPagingExample.framework; sourceTree = BUILT_PRODUCTS_DIR; };
		50C09B332BF6B0B4391A75E0 /* Pods-RxPagingExample.release.xcconfig */ = {isa = PBXFileReference; includeInIndex = 1; lastKnownFileType = text.xcconfig; name = "Pods-RxPagingExample.release.xcconfig"; path = "Pods/Target Support Files/Pods-RxPagingExample/Pods-RxPagingExample.release.xcconfig"; sourceTree = "<group>"; };
		665D3D80C0476DC963806E6A /* Pods-RxPagingExample.debug.xcconfig */ = {isa = PBXFileReference; includeInIndex = 1; lastKnownFileType = text.xcconfig; name = "Pods-RxPagingExample.debug.xcconfig"; path = "Pods/Target Support Files/Pods-RxPagingExample/Pods-RxPagingExample.debug.xcconfig"; sourceTree = "<group>"; };
/* End PBXFileReference section */

/* Begin PBXFrameworksBuildPhase section */
		2B993A4E214EA4A100C587C0 /* Frameworks */ = {
			isa = PBXFrameworksBuildPhase;
			buildActionMask = 2147483647;
			files = (
				EC51860A3A0AE18B6BEB8C3C /* Pods_RxPagingExample.framework in Frameworks */,
			);
			runOnlyForDeploymentPostprocessing = 0;
		};
/* End PBXFrameworksBuildPhase section */

/* Begin PBXGroup section */
		2B993A48214EA4A100C587C0 = {
			isa = PBXGroup;
			children = (
				2B993A53214EA4A100C587C0 /* RxPagingExample */,
				2B993A52214EA4A100C587C0 /* Products */,
				62A94098A46036FAF0104704 /* Pods */,
				88748D632FDCA6F4A8A5A3CB /* Frameworks */,
			);
			sourceTree = "<group>";
		};
		2B993A52214EA4A100C587C0 /* Products */ = {
			isa = PBXGroup;
			children = (
				2B993A51214EA4A100C587C0 /* RxPagingExample.app */,
			);
			name = Products;
			sourceTree = "<group>";
		};
		2B993A53214EA4A100C587C0 /* RxPagingExample */ = {
			isa = PBXGroup;
			children = (
				2B993A66214EDF1F00C587C0 /* GitHubSearchRepositories */,
				2B993A54214EA4A100C587C0 /* AppDelegate.swift */,
				2B993A56214EA4A100C587C0 /* ViewController.swift */,
				2B993A58214EA4A100C587C0 /* Main.storyboard */,
				2B993A5B214EA4A500C587C0 /* Assets.xcassets */,
				2B993A5D214EA4A500C587C0 /* LaunchScreen.storyboard */,
				2B993A60214EA4A500C587C0 /* Info.plist */,
			);
			path = RxPagingExample;
			sourceTree = "<group>";
		};
		2B993A66214EDF1F00C587C0 /* GitHubSearchRepositories */ = {
			isa = PBXGroup;
			children = (
				2B993A6D214EE4F900C587C0 /* GitHubSearchRepositories.storyboard */,
				2B993A6E214EE4F900C587C0 /* GitHubSearchRepositories.swift */,
				2B993A6F214EE4FA00C587C0 /* GitHubSearchRepositoriesAPI.swift */,
				2B993A70214EE4FA00C587C0 /* GitHubSearchRepositoriesViewController.swift */,
				2B993A71214EE4FA00C587C0 /* UINavigationController+Extensions.swift */,
				2B993A86214EECAE00C587C0 /* Result.swift */,
				2B993A92214EEEA400C587C0 /* Dependencies.swift */,
				2B993A84214EECAE00C587C0 /* Version.swift */,
				2B993A85214EECAE00C587C0 /* Lenses.swift */,
				2B993A8C214EECFF00C587C0 /* Example.swift */,
				2B993A8A214EECE000C587C0 /* String+URL.swift */,
				2B993A8E214EEE7D00C587C0 /* Reachability.swift */,
				2B993A90214EEE8300C587C0 /* ReachabilityService.swift */,
				2B9B59E2215542EE00E8F35F /* ActivityIndicator.swift */,
			);
			path = GitHubSearchRepositories;
			sourceTree = "<group>";
		};
		62A94098A46036FAF0104704 /* Pods */ = {
			isa = PBXGroup;
			children = (
				665D3D80C0476DC963806E6A /* Pods-RxPagingExample.debug.xcconfig */,
				50C09B332BF6B0B4391A75E0 /* Pods-RxPagingExample.release.xcconfig */,
			);
			name = Pods;
			sourceTree = "<group>";
		};
		88748D632FDCA6F4A8A5A3CB /* Frameworks */ = {
			isa = PBXGroup;
			children = (
				4524C3DA72599B3CE1C4BE2A /* Pods_RxPagingExample.framework */,
			);
			name = Frameworks;
			sourceTree = "<group>";
		};
/* End PBXGroup section */

/* Begin PBXNativeTarget section */
		2B993A50214EA4A100C587C0 /* RxPagingExample */ = {
			isa = PBXNativeTarget;
			buildConfigurationList = 2B993A63214EA4A500C587C0 /* Build configuration list for PBXNativeTarget "RxPagingExample" */;
			buildPhases = (
				EED6245ECE17D5A2AE9F2A81 /* [CP] Check Pods Manifest.lock */,
				2B993A4D214EA4A100C587C0 /* Sources */,
				2B993A4E214EA4A100C587C0 /* Frameworks */,
				2B993A4F214EA4A100C587C0 /* Resources */,
				735E07529E62A7E04A438861 /* [CP] Embed Pods Frameworks */,
			);
			buildRules = (
			);
			dependencies = (
			);
			name = RxPagingExample;
			productName = RxPagingExample;
			productReference = 2B993A51214EA4A100C587C0 /* RxPagingExample.app */;
			productType = "com.apple.product-type.application";
		};
/* End PBXNativeTarget section */

/* Begin PBXProject section */
		2B993A49214EA4A100C587C0 /* Project object */ = {
			isa = PBXProject;
			attributes = {
				LastSwiftUpdateCheck = 0940;
				LastUpgradeCheck = 0940;
				ORGANIZATIONNAME = Mikko;
				TargetAttributes = {
					2B993A50214EA4A100C587C0 = {
						CreatedOnToolsVersion = 9.4.1;
					};
				};
			};
			buildConfigurationList = 2B993A4C214EA4A100C587C0 /* Build configuration list for PBXProject "RxPagingExample" */;
			compatibilityVersion = "Xcode 9.3";
			developmentRegion = en;
			hasScannedForEncodings = 0;
			knownRegions = (
				en,
				Base,
			);
			mainGroup = 2B993A48214EA4A100C587C0;
			productRefGroup = 2B993A52214EA4A100C587C0 /* Products */;
			projectDirPath = "";
			projectRoot = "";
			targets = (
				2B993A50214EA4A100C587C0 /* RxPagingExample */,
			);
		};
/* End PBXProject section */

/* Begin PBXResourcesBuildPhase section */
		2B993A4F214EA4A100C587C0 /* Resources */ = {
			isa = PBXResourcesBuildPhase;
			buildActionMask = 2147483647;
			files = (
				2B993A5F214EA4A500C587C0 /* LaunchScreen.storyboard in Resources */,
				2B993A5C214EA4A500C587C0 /* Assets.xcassets in Resources */,
				2B993A5A214EA4A100C587C0 /* Main.storyboard in Resources */,
				2B993A72214EE4FA00C587C0 /* GitHubSearchRepositories.storyboard in Resources */,
			);
			runOnlyForDeploymentPostprocessing = 0;
		};
/* End PBXResourcesBuildPhase section */

/* Begin PBXShellScriptBuildPhase section */
		735E07529E62A7E04A438861 /* [CP] Embed Pods Frameworks */ = {
			isa = PBXShellScriptBuildPhase;
			buildActionMask = 2147483647;
			files = (
			);
			inputPaths = (
				"${SRCROOT}/Pods/Target Support Files/Pods-RxPagingExample/Pods-RxPagingExample-frameworks.sh",
				"${BUILT_PRODUCTS_DIR}/Differentiator/Differentiator.framework",
				"${BUILT_PRODUCTS_DIR}/RxCocoa/RxCocoa.framework",
				"${BUILT_PRODUCTS_DIR}/RxDataSources/RxDataSources.framework",
				"${BUILT_PRODUCTS_DIR}/RxSwift/RxSwift.framework",
			);
			name = "[CP] Embed Pods Frameworks";
			outputPaths = (
				"${TARGET_BUILD_DIR}/${FRAMEWORKS_FOLDER_PATH}/Differentiator.framework",
				"${TARGET_BUILD_DIR}/${FRAMEWORKS_FOLDER_PATH}/RxCocoa.framework",
				"${TARGET_BUILD_DIR}/${FRAMEWORKS_FOLDER_PATH}/RxDataSources.framework",
				"${TARGET_BUILD_DIR}/${FRAMEWORKS_FOLDER_PATH}/RxSwift.framework",
			);
			runOnlyForDeploymentPostprocessing = 0;
			shellPath = /bin/sh;
			shellScript = "\"${SRCROOT}/Pods/Target Support Files/Pods-RxPagingExample/Pods-RxPagingExample-frameworks.sh\"\n";
			showEnvVarsInLog = 0;
		};
		EED6245ECE17D5A2AE9F2A81 /* [CP] Check Pods Manifest.lock */ = {
			isa = PBXShellScriptBuildPhase;
			buildActionMask = 2147483647;
			files = (
			);
			inputPaths = (
				"${PODS_PODFILE_DIR_PATH}/Podfile.lock",
				"${PODS_ROOT}/Manifest.lock",
			);
			name = "[CP] Check Pods Manifest.lock";
			outputPaths = (
				"$(DERIVED_FILE_DIR)/Pods-RxPagingExample-checkManifestLockResult.txt",
			);
			runOnlyForDeploymentPostprocessing = 0;
			shellPath = /bin/sh;
			shellScript = "diff \"${PODS_PODFILE_DIR_PATH}/Podfile.lock\" \"${PODS_ROOT}/Manifest.lock\" > /dev/null\nif [ $? != 0 ] ; then\n    # print error to STDERR\n    echo \"error: The sandbox is not in sync with the Podfile.lock. Run 'pod install' or update your CocoaPods installation.\" >&2\n    exit 1\nfi\n# This output is used by Xcode 'outputs' to avoid re-running this script phase.\necho \"SUCCESS\" > \"${SCRIPT_OUTPUT_FILE_0}\"\n";
			showEnvVarsInLog = 0;
		};
/* End PBXShellScriptBuildPhase section */

/* Begin PBXSourcesBuildPhase section */
		2B993A4D214EA4A100C587C0 /* Sources */ = {
			isa = PBXSourcesBuildPhase;
			buildActionMask = 2147483647;
			files = (
				2B993A93214EEEA400C587C0 /* Dependencies.swift in Sources */,
				2B9B59E3215542EE00E8F35F /* ActivityIndicator.swift in Sources */,
				2B993A8B214EECE000C587C0 /* String+URL.swift in Sources */,
				2B993A89214EECAE00C587C0 /* Result.swift in Sources */,
				2B993A8F214EEE7E00C587C0 /* Reachability.swift in Sources */,
				2B993A57214EA4A100C587C0 /* ViewController.swift in Sources */,
				2B993A88214EECAE00C587C0 /* Lenses.swift in Sources */,
				2B993A76214EE4FA00C587C0 /* UINavigationController+Extensions.swift in Sources */,
				2B993A74214EE4FA00C587C0 /* GitHubSearchRepositoriesAPI.swift in Sources */,
				2B993A8D214EECFF00C587C0 /* Example.swift in Sources */,
				2B993A55214EA4A100C587C0 /* AppDelegate.swift in Sources */,
				2B993A91214EEE8300C587C0 /* ReachabilityService.swift in Sources */,
				2B993A87214EECAE00C587C0 /* Version.swift in Sources */,
				2B993A75214EE4FA00C587C0 /* GitHubSearchRepositoriesViewController.swift in Sources */,
				2B993A73214EE4FA00C587C0 /* GitHubSearchRepositories.swift in Sources */,
			);
			runOnlyForDeploymentPostprocessing = 0;
		};
/* End PBXSourcesBuildPhase section */

/* Begin PBXVariantGroup section */
		2B993A58214EA4A100C587C0 /* Main.storyboard */ = {
			isa = PBXVariantGroup;
			children = (
				2B993A59214EA4A100C587C0 /* Base */,
			);
			name = Main.storyboard;
			sourceTree = "<group>";
		};
		2B993A5D214EA4A500C587C0 /* LaunchScreen.storyboard */ = {
			isa = PBXVariantGroup;
			children = (
				2B993A5E214EA4A500C587C0 /* Base */,
			);
			name = LaunchScreen.storyboard;
			sourceTree = "<group>";
		};
/* End PBXVariantGroup section */

/* Begin XCBuildConfiguration section */
		2B993A61214EA4A500C587C0 /* Debug */ = {
			isa = XCBuildConfiguration;
			buildSettings = {
				ALWAYS_SEARCH_USER_PATHS = NO;
				CLANG_ANALYZER_NONNULL = YES;
				CLANG_ANALYZER_NUMBER_OBJECT_CONVERSION = YES_AGGRESSIVE;
				CLANG_CXX_LANGUAGE_STANDARD = "gnu++14";
				CLANG_CXX_LIBRARY = "libc++";
				CLANG_ENABLE_MODULES = YES;
				CLANG_ENABLE_OBJC_ARC = YES;
				CLANG_ENABLE_OBJC_WEAK = YES;
				CLANG_WARN_BLOCK_CAPTURE_AUTORELEASING = YES;
				CLANG_WARN_BOOL_CONVERSION = YES;
				CLANG_WARN_COMMA = YES;
				CLANG_WARN_CONSTANT_CONVERSION = YES;
				CLANG_WARN_DEPRECATED_OBJC_IMPLEMENTATIONS = YES;
				CLANG_WARN_DIRECT_OBJC_ISA_USAGE = YES_ERROR;
				CLANG_WARN_DOCUMENTATION_COMMENTS = YES;
				CLANG_WARN_EMPTY_BODY = YES;
				CLANG_WARN_ENUM_CONVERSION = YES;
				CLANG_WARN_INFINITE_RECURSION = YES;
				CLANG_WARN_INT_CONVERSION = YES;
				CLANG_WARN_NON_LITERAL_NULL_CONVERSION = YES;
				CLANG_WARN_OBJC_IMPLICIT_RETAIN_SELF = YES;
				CLANG_WARN_OBJC_LITERAL_CONVERSION = YES;
				CLANG_WARN_OBJC_ROOT_CLASS = YES_ERROR;
				CLANG_WARN_RANGE_LOOP_ANALYSIS = YES;
				CLANG_WARN_STRICT_PROTOTYPES = YES;
				CLANG_WARN_SUSPICIOUS_MOVE = YES;
				CLANG_WARN_UNGUARDED_AVAILABILITY = YES_AGGRESSIVE;
				CLANG_WARN_UNREACHABLE_CODE = YES;
				CLANG_WARN__DUPLICATE_METHOD_MATCH = YES;
				CODE_SIGN_IDENTITY = "iPhone Developer";
				COPY_PHASE_STRIP = NO;
				DEBUG_INFORMATION_FORMAT = dwarf;
				ENABLE_STRICT_OBJC_MSGSEND = YES;
				ENABLE_TESTABILITY = YES;
				GCC_C_LANGUAGE_STANDARD = gnu11;
				GCC_DYNAMIC_NO_PIC = NO;
				GCC_NO_COMMON_BLOCKS = YES;
				GCC_OPTIMIZATION_LEVEL = 0;
				GCC_PREPROCESSOR_DEFINITIONS = (
					"DEBUG=1",
					"$(inherited)",
				);
				GCC_WARN_64_TO_32_BIT_CONVERSION = YES;
				GCC_WARN_ABOUT_RETURN_TYPE = YES_ERROR;
				GCC_WARN_UNDECLARED_SELECTOR = YES;
				GCC_WARN_UNINITIALIZED_AUTOS = YES_AGGRESSIVE;
				GCC_WARN_UNUSED_FUNCTION = YES;
				GCC_WARN_UNUSED_VARIABLE = YES;
				IPHONEOS_DEPLOYMENT_TARGET = 11.4;
				MTL_ENABLE_DEBUG_INFO = YES;
				ONLY_ACTIVE_ARCH = YES;
				SDKROOT = iphoneos;
				SWIFT_ACTIVE_COMPILATION_CONDITIONS = DEBUG;
				SWIFT_OPTIMIZATION_LEVEL = "-Onone";
			};
			name = Debug;
		};
		2B993A62214EA4A500C587C0 /* Release */ = {
			isa = XCBuildConfiguration;
			buildSettings = {
				ALWAYS_SEARCH_USER_PATHS = NO;
				CLANG_ANALYZER_NONNULL = YES;
				CLANG_ANALYZER_NUMBER_OBJECT_CONVERSION = YES_AGGRESSIVE;
				CLANG_CXX_LANGUAGE_STANDARD = "gnu++14";
				CLANG_CXX_LIBRARY = "libc++";
				CLANG_ENABLE_MODULES = YES;
				CLANG_ENABLE_OBJC_ARC = YES;
				CLANG_ENABLE_OBJC_WEAK = YES;
				CLANG_WARN_BLOCK_CAPTURE_AUTORELEASING = YES;
				CLANG_WARN_BOOL_CONVERSION = YES;
				CLANG_WARN_COMMA = YES;
				CLANG_WARN_CONSTANT_CONVERSION = YES;
				CLANG_WARN_DEPRECATED_OBJC_IMPLEMENTATIONS = YES;
				CLANG_WARN_DIRECT_OBJC_ISA_USAGE = YES_ERROR;
				CLANG_WARN_DOCUMENTATION_COMMENTS = YES;
				CLANG_WARN_EMPTY_BODY = YES;
				CLANG_WARN_ENUM_CONVERSION = YES;
				CLANG_WARN_INFINITE_RECURSION = YES;
				CLANG_WARN_INT_CONVERSION = YES;
				CLANG_WARN_NON_LITERAL_NULL_CONVERSION = YES;
				CLANG_WARN_OBJC_IMPLICIT_RETAIN_SELF = YES;
				CLANG_WARN_OBJC_LITERAL_CONVERSION = YES;
				CLANG_WARN_OBJC_ROOT_CLASS = YES_ERROR;
				CLANG_WARN_RANGE_LOOP_ANALYSIS = YES;
				CLANG_WARN_STRICT_PROTOTYPES = YES;
				CLANG_WARN_SUSPICIOUS_MOVE = YES;
				CLANG_WARN_UNGUARDED_AVAILABILITY = YES_AGGRESSIVE;
				CLANG_WARN_UNREACHABLE_CODE = YES;
				CLANG_WARN__DUPLICATE_METHOD_MATCH = YES;
				CODE_SIGN_IDENTITY = "iPhone Developer";
				COPY_PHASE_STRIP = NO;
				DEBUG_INFORMATION_FORMAT = "dwarf-with-dsym";
				ENABLE_NS_ASSERTIONS = NO;
				ENABLE_STRICT_OBJC_MSGSEND = YES;
				GCC_C_LANGUAGE_STANDARD = gnu11;
				GCC_NO_COMMON_BLOCKS = YES;
				GCC_WARN_64_TO_32_BIT_CONVERSION = YES;
				GCC_WARN_ABOUT_RETURN_TYPE = YES_ERROR;
				GCC_WARN_UNDECLARED_SELECTOR = YES;
				GCC_WARN_UNINITIALIZED_AUTOS = YES_AGGRESSIVE;
				GCC_WARN_UNUSED_FUNCTION = YES;
				GCC_WARN_UNUSED_VARIABLE = YES;
				IPHONEOS_DEPLOYMENT_TARGET = 11.4;
				MTL_ENABLE_DEBUG_INFO = NO;
				SDKROOT = iphoneos;
				SWIFT_COMPILATION_MODE = wholemodule;
				SWIFT_OPTIMIZATION_LEVEL = "-O";
				VALIDATE_PRODUCT = YES;
			};
			name = Release;
		};
		2B993A64214EA4A500C587C0 /* Debug */ = {
			isa = XCBuildConfiguration;
			baseConfigurationReference = 665D3D80C0476DC963806E6A /* Pods-RxPagingExample.debug.xcconfig */;
			buildSettings = {
				ASSETCATALOG_COMPILER_APPICON_NAME = AppIcon;
				CODE_SIGN_STYLE = Automatic;
				INFOPLIST_FILE = RxPagingExample/Info.plist;
				LD_RUNPATH_SEARCH_PATHS = (
					"$(inherited)",
					"@executable_path/Frameworks",
				);
				PRODUCT_BUNDLE_IDENTIFIER = com.mikkovalimaki.RxPagingExample;
				PRODUCT_NAME = "$(TARGET_NAME)";
				SWIFT_VERSION = 4.0;
				TARGETED_DEVICE_FAMILY = "1,2";
			};
			name = Debug;
		};
		2B993A65214EA4A500C587C0 /* Release */ = {
			isa = XCBuildConfiguration;
			baseConfigurationReference = 50C09B332BF6B0B4391A75E0 /* Pods-RxPagingExample.release.xcconfig */;
			buildSettings = {
				ASSETCATALOG_COMPILER_APPICON_NAME = AppIcon;
				CODE_SIGN_STYLE = Automatic;
				INFOPLIST_FILE = RxPagingExample/Info.plist;
				LD_RUNPATH_SEARCH_PATHS = (
					"$(inherited)",
					"@executable_path/Frameworks",
				);
				PRODUCT_BUNDLE_IDENTIFIER = com.mikkovalimaki.RxPagingExample;
				PRODUCT_NAME = "$(TARGET_NAME)";
				SWIFT_VERSION = 4.0;
				TARGETED_DEVICE_FAMILY = "1,2";
			};
			name = Release;
		};
/* End XCBuildConfiguration section */

/* Begin XCConfigurationList section */
		2B993A4C214EA4A100C587C0 /* Build configuration list for PBXProject "RxPagingExample" */ = {
			isa = XCConfigurationList;
			buildConfigurations = (
				2B993A61214EA4A500C587C0 /* Debug */,
				2B993A62214EA4A500C587C0 /* Release */,
			);
			defaultConfigurationIsVisible = 0;
			defaultConfigurationName = Release;
		};
		2B993A63214EA4A500C587C0 /* Build configuration list for PBXNativeTarget "RxPagingExample" */ = {
			isa = XCConfigurationList;
			buildConfigurations = (
				2B993A64214EA4A500C587C0 /* Debug */,
				2B993A65214EA4A500C587C0 /* Release */,
			);
			defaultConfigurationIsVisible = 0;
			defaultConfigurationName = Release;
		};
/* End XCConfigurationList section */
	};
	rootObject = 2B993A49214EA4A100C587C0 /* Project object */;
}
